lockfileVersion: '6.0'

settings:
  autoInstallPeers: true
  excludeLinksFromLockfile: false

dependencies:
  tiktoken:
    specifier: ^1.0.14
    version: 1.0.14

packages:

  /tiktoken@1.0.14:
    resolution: {integrity: sha512-g5zd5r/DoH8Kw0fiYbYpVhb6WO8BHO1unXqmBBWKwoT17HwSounnDtMDFUKm2Pko8U47sjQarOe+9aUrnqmmTg==}
    dev: false
